
Microsoft Visual Studio Solution File, Format Version 12.00
# Visual Studio Version 17
VisualStudioVersion = 17.6.33829.357
MinimumVisualStudioVersion = 10.0.40219.1
Project("{9A19103F-16F7-4668-BE54-9A1E7A4F7556}") = "oddOccurences", "oddOccurences\oddOccurences.csproj", "{EA62B628-CABC-40D1-B713-1541A8C0E023}"
EndProject
Project("{9A19103F-16F7-4668-BE54-9A1E7A4F7556}") = "wordSynonyms", "wordSynonyms\wordSynonyms.csproj", "{6EEE642B-A3C7-44A6-9BBB-F93095AA85BC}"
EndProject
Project("{9A19103F-16F7-4668-BE54-9A1E7A4F7556}") = "wordFilter", "wordFilter\wordFilter.csproj", "{D2783FF0-BDE2-4410-A9F9-6C12E33432F4}"
EndProject
Global
	GlobalSection(SolutionConfigurationPlatforms) = preSolution
		Debug|Any CPU = Debug|Any CPU
		Release|Any CPU = Release|Any CPU
	EndGlobalSection
	GlobalSection(ProjectConfigurationPlatforms) = postSolution
		{EA62B628-CABC-40D1-B713-1541A8C0E023}.Debug|Any CPU.ActiveCfg = Debug|Any CPU
		{EA62B628-CABC-40D1-B713-1541A8C0E023}.Debug|Any CPU.Build.0 = Debug|Any CPU
		{EA62B628-CABC-40D1-B713-1541A8C0E023}.Release|Any CPU.ActiveCfg = Release|Any CPU
		{EA62B628-CABC-40D1-B713-1541A8C0E023}.Release|Any CPU.Build.0 = Release|Any CPU
		{6EEE642B-A3C7-44A6-9BBB-F93095AA85BC}.Debug|Any CPU.ActiveCfg = Debug|Any CPU
		{6EEE642B-A3C7-44A6-9BBB-F93095AA85BC}.Debug|Any CPU.Build.0 = Debug|Any CPU
		{6EEE642B-A3C7-44A6-9BBB-F93095AA85BC}.Release|Any CPU.ActiveCfg = Release|Any CPU
		{6EEE642B-A3C7-44A6-9BBB-F93095AA85BC}.Release|Any CPU.Build.0 = Release|Any CPU
		{D2783FF0-BDE2-4410-A9F9-6C12E33432F4}.Debug|Any CPU.ActiveCfg = Debug|Any CPU
		{D2783FF0-BDE2-4410-A9F9-6C12E33432F4}.Debug|Any CPU.Build.0 = Debug|Any CPU
		{D2783FF0-BDE2-4410-A9F9-6C12E33432F4}.Release|Any CPU.ActiveCfg = Release|Any CPU
		{D2783FF0-BDE2-4410-A9F9-6C12E33432F4}.Release|Any CPU.Build.0 = Release|Any CPU
	EndGlobalSection
	GlobalSection(SolutionProperties) = preSolution
		HideSolutionNode = FALSE
	EndGlobalSection
	GlobalSection(ExtensibilityGlobals) = postSolution
		SolutionGuid = {D5156093-B5BB-4572-AE59-33AC67BA9B31}
	EndGlobalSection
EndGlobal
